
Microsoft Visual Studio Solution File, Format Version 11.00
# Visual Studio 2010
Project("{FAE04EC0-301F-11D3-BF4B-00C04F79EFBC}") = "DesignDataPackageLib.vs10", "DesignDataPackageLib.vs10.csproj", "{BE2D3712-F436-4DE0-B5BC-A931E6697B3B}"
EndProject
Global
	GlobalSection(SolutionConfigurationPlatforms) = preSolution
		Debug|Any CPU = Debug|Any CPU
		Release|Any CPU = Release|Any CPU
	EndGlobalSection
	GlobalSection(ProjectConfigurationPlatforms) = postSolution
		{BE2D3712-F436-4DE0-B5BC-A931E6697B3B}.Debug|Any CPU.ActiveCfg = Debug|Any CPU
		{BE2D3712-F436-4DE0-B5BC-A931E6697B3B}.Debug|Any CPU.Build.0 = Debug|Any CPU
		{BE2D3712-F436-4DE0-B5BC-A931E6697B3B}.Release|Any CPU.ActiveCfg = Release|Any CPU
		{BE2D3712-F436-4DE0-B5BC-A931E6697B3B}.Release|Any CPU.Build.0 = Release|Any CPU
	EndGlobalSection
	GlobalSection(SolutionProperties) = preSolution
		HideSolutionNode = FALSE
	EndGlobalSection
EndGlobal
