<?xml version="1.0" encoding="utf-8"?>
<Project ToolsVersion="14.0" xmlns="http://schemas.microsoft.com/developer/msbuild/2003">
  <ItemGroup>
    <ClCompile Include="GridCell.cpp" />
    <ClCompile Include="GridCellBase.cpp" />
    <ClCompile Include="GridCtrl.cpp" />
    <ClCompile Include="GridDropTarget.cpp" />
    <ClCompile Include="InPlaceEdit.cpp" />
    <ClCompile Include="TitleTip.cpp" />
  </ItemGroup>
  <ItemGroup>
    <Filter Include="Headers">
      <UniqueIdentifier>{8cb947fe-4c14-422c-a202-b137e28faa6e}</UniqueIdentifier>
    </Filter>
  </ItemGroup>
  <ItemGroup>
    <ClInclude Include="CellRange.h">
      <Filter>Headers</Filter>
    </ClInclude>
    <ClInclude Include="GridCell.h">
      <Filter>Headers</Filter>
    </ClInclude>
    <ClInclude Include="GridCellBase.h">
      <Filter>Headers</Filter>
    </ClInclude>
    <ClInclude Include="GridCtrl.h">
      <Filter>Headers</Filter>
    </ClInclude>
    <ClInclude Include="GridDropTarget.h">
      <Filter>Headers</Filter>
    </ClInclude>
    <ClInclude Include="InPlaceEdit.h">
      <Filter>Headers</Filter>
    </ClInclude>
    <ClInclude Include="MemDC.h">
      <Filter>Headers</Filter>
    </ClInclude>
    <ClInclude Include="StdAfx.h">
      <Filter>Headers</Filter>
    </ClInclude>
    <ClInclude Include="TitleTip.h">
      <Filter>Headers</Filter>
    </ClInclude>
  </ItemGroup>
</Project>