<?xml version="1.0" encoding="utf-8"?>
<Project ToolsVersion="4.0" xmlns="http://schemas.microsoft.com/developer/msbuild/2003">
  <ItemGroup>
    <Filter Include="Source Files">
      <UniqueIdentifier>{4FC737F1-C7A5-4376-A066-2A32D752A2FF}</UniqueIdentifier>
      <Extensions>cpp;c;cc;cxx;def;odl;idl;hpj;bat;asm;asmx</Extensions>
    </Filter>
    <Filter Include="Header Files">
      <UniqueIdentifier>{93995380-89BD-4b04-88EB-625FBE52EBFB}</UniqueIdentifier>
      <Extensions>h;hpp;hxx;hm;inl;inc;xsd</Extensions>
    </Filter>
    <Filter Include="Resource Files">
      <UniqueIdentifier>{67DA6AB6-F800-4c08-8B7A-83BB121AAD01}</UniqueIdentifier>
      <Extensions>rc;ico;cur;bmp;dlg;rc2;rct;bin;rgs;gif;jpg;jpeg;jpe;resx;tiff;tif;png;wav;mfcribbon-ms</Extensions>
    </Filter>
  </ItemGroup>
  <ItemGroup>
    <None Include="ReadMe.txt" />
    <None Include="packages.config" />
  </ItemGroup>
  <ItemGroup>
    <ClInclude Include="isis_application_exception.h">
      <Filter>Header Files</Filter>
    </ClInclude>
    <ClInclude Include="resource.h">
      <Filter>Header Files</Filter>
    </ClInclude>
    <ClInclude Include="c3ga.h">
      <Filter>Header Files</Filter>
    </ClInclude>
    <ClInclude Include="e3ga.h">
      <Filter>Header Files</Filter>
    </ClInclude>
    <ClInclude Include="cc_CommonStructures.h">
      <Filter>Header Files</Filter>
    </ClInclude>
    <ClInclude Include="cc_CommonUtilities.h">
      <Filter>Header Files</Filter>
    </ClInclude>
    <ClInclude Include="cc_XMLtoCADStructures.h">
      <Filter>Header Files</Filter>
    </ClInclude>
    <ClInclude Include="..\..\..\generated\CAD\generated\AssemblyInterface.h">
      <Filter>Header Files</Filter>
    </ClInclude>
    <ClInclude Include="..\..\..\generated\CAD\generated\AssemblyInterface_xsd.h">
      <Filter>Header Files</Filter>
    </ClInclude>
    <ClInclude Include="cc_CommonDefinitions.h">
      <Filter>Header Files</Filter>
    </ClInclude>
    <ClInclude Include="cc_CommonConstants.h">
      <Filter>Header Files</Filter>
    </ClInclude>
    <ClInclude Include="cc_StringToEnumConversions.h">
      <Filter>Header Files</Filter>
    </ClInclude>
    <ClInclude Include="cc_MiscellaneousFunctions.h">
      <Filter>Header Files</Filter>
    </ClInclude>
    <ClInclude Include="cc_WindowsFunctions.h">
      <Filter>Header Files</Filter>
    </ClInclude>
    <ClInclude Include="cc_GraphicsFunctions.h">
      <Filter>Header Files</Filter>
    </ClInclude>
    <ClInclude Include="cc_MultiFormatString.h">
      <Filter>Header Files</Filter>
    </ClInclude>
    <ClInclude Include="cc_Joint.h">
      <Filter>Header Files</Filter>
    </ClInclude>
    <ClInclude Include="cc_JsonHelper.h">
      <Filter>Header Files</Filter>
    </ClInclude>
    <ClInclude Include="cc_LoggerBoost.h">
      <Filter>Header Files</Filter>
    </ClInclude>
    <ClInclude Include="cc_Nastran.h">
      <Filter>Header Files</Filter>
    </ClInclude>
    <ClInclude Include="cc_SurvivabilityJasonWriter.h">
      <Filter>Header Files</Filter>
    </ClInclude>
    <ClInclude Include="cc_AssemblyOptions.h">
      <Filter>Header Files</Filter>
    </ClInclude>
    <ClInclude Include="cc_CreateAssemblyInputArgumentsParser.h">
      <Filter>Header Files</Filter>
    </ClInclude>
    <ClInclude Include="cc_MetaLinkInputArgumentsParser.h">
      <Filter>Header Files</Filter>
    </ClInclude>
    <ClInclude Include="cc_ExtractACMInputArgumentsParser.h">
      <Filter>Header Files</Filter>
    </ClInclude>
    <ClInclude Include="cc_ParserCommon.h">
      <Filter>Header Files</Filter>
    </ClInclude>
    <ClInclude Include="cc_CommonFunctions.h">
      <Filter>Header Files</Filter>
    </ClInclude>
    <ClInclude Include="cc_AssemblyUtilities.h">
      <Filter>Header Files</Filter>
    </ClInclude>
    <ClInclude Include="cc_CADFactoryAbstract.h">
      <Filter>Header Files</Filter>
    </ClInclude>
    <ClInclude Include="..\..\..\generated\CAD\generated\CADMetrics.h">
      <Filter>Header Files</Filter>
    </ClInclude>
    <ClInclude Include="..\..\..\generated\CAD\generated\CADMetrics_xsd.h">
      <Filter>Header Files</Filter>
    </ClInclude>
    <ClInclude Include="..\..\..\generated\CAD\generated\CADPostProcessingParameters.h">
      <Filter>Header Files</Filter>
    </ClInclude>
    <ClInclude Include="..\..\..\generated\CAD\generated\CADPostProcessingParameters_xsd.h">
      <Filter>Header Files</Filter>
    </ClInclude>
    <ClInclude Include="cc_Metrics.h">
      <Filter>Header Files</Filter>
    </ClInclude>
  </ItemGroup>
  <ItemGroup>
    <ClCompile Include="isis_application_exception.cpp">
      <Filter>Source Files</Filter>
    </ClCompile>
    <ClCompile Include="c3ga.cpp">
      <Filter>Source Files</Filter>
    </ClCompile>
    <ClCompile Include="e3ga.cpp">
      <Filter>Source Files</Filter>
    </ClCompile>
    <ClCompile Include="cc_CommonStructures.cpp">
      <Filter>Source Files</Filter>
    </ClCompile>
    <ClCompile Include="cc_CommonUtilities.cpp">
      <Filter>Source Files</Filter>
    </ClCompile>
    <ClCompile Include="cc_XMLtoCADStructures.cpp">
      <Filter>Source Files</Filter>
    </ClCompile>
    <ClCompile Include="..\..\..\generated\CAD\generated\AssemblyInterface.cpp">
      <Filter>Source Files</Filter>
    </ClCompile>
    <ClCompile Include="cc_CommonDefinitions.cpp">
      <Filter>Source Files</Filter>
    </ClCompile>
    <ClCompile Include="cc_StringToEnumConversions.cpp">
      <Filter>Source Files</Filter>
    </ClCompile>
    <ClCompile Include="cc_MiscellaneousFunctions.cpp">
      <Filter>Source Files</Filter>
    </ClCompile>
    <ClCompile Include="cc_WindowsFunctions.cpp">
      <Filter>Source Files</Filter>
    </ClCompile>
    <ClCompile Include="cc_GraphicsFunctions.cpp">
      <Filter>Source Files</Filter>
    </ClCompile>
    <ClCompile Include="cc_MultiFormatString.cpp">
      <Filter>Source Files</Filter>
    </ClCompile>
    <ClCompile Include="cc_Joint.cpp">
      <Filter>Source Files</Filter>
    </ClCompile>
    <ClCompile Include="cc_JsonHelper.cpp">
      <Filter>Source Files</Filter>
    </ClCompile>
    <ClCompile Include="cc_LoggerBoost.cpp">
      <Filter>Source Files</Filter>
    </ClCompile>
    <ClCompile Include="cc_Nastran.cpp">
      <Filter>Source Files</Filter>
    </ClCompile>
    <ClCompile Include="cc_SurvivabilityJasonWriter.cpp">
      <Filter>Source Files</Filter>
    </ClCompile>
    <ClCompile Include="cc_AssemblyOptions.cpp">
      <Filter>Source Files</Filter>
    </ClCompile>
    <ClCompile Include="cc_CreateAssemblyInputArgumentsParser.cpp">
      <Filter>Source Files</Filter>
    </ClCompile>
    <ClCompile Include="cc_MetaLinkInputArgumentsParser.cpp">
      <Filter>Source Files</Filter>
    </ClCompile>
    <ClCompile Include="cc_ExtractACMInputArgumentsParser.cpp">
      <Filter>Source Files</Filter>
    </ClCompile>
    <ClCompile Include="cc_CommonFunctions.cpp">
      <Filter>Source Files</Filter>
    </ClCompile>
    <ClCompile Include="cc_AssemblyUtilities.cpp">
      <Filter>Source Files</Filter>
    </ClCompile>
    <ClCompile Include="..\..\..\generated\CAD\generated\CADMetrics.cpp">
      <Filter>Source Files</Filter>
    </ClCompile>
    <ClCompile Include="..\..\..\generated\CAD\generated\CADPostProcessingParameters.cpp">
      <Filter>Source Files</Filter>
    </ClCompile>
    <ClCompile Include="cc_CADFactoryAbstract.cpp">
      <Filter>Source Files</Filter>
    </ClCompile>
    <ClCompile Include="cc_Metrics.cpp">
      <Filter>Source Files</Filter>
    </ClCompile>
  </ItemGroup>
</Project>