<?xml version="1.0" encoding="utf-8"?>
<Project ToolsVersion="4.0" xmlns="http://schemas.microsoft.com/developer/msbuild/2003">
  <ItemGroup>
    <Filter Include="Source Files">
      <UniqueIdentifier>{4FC737F1-C7A5-4376-A066-2A32D752A2FF}</UniqueIdentifier>
      <Extensions>cpp;c;cc;cxx;def;odl;idl;hpj;bat;asm;asmx</Extensions>
    </Filter>
    <Filter Include="Header Files">
      <UniqueIdentifier>{93995380-89BD-4b04-88EB-625FBE52EBFB}</UniqueIdentifier>
      <Extensions>h;hpp;hxx;hm;inl;inc;xsd</Extensions>
    </Filter>
    <Filter Include="Resource Files">
      <UniqueIdentifier>{67DA6AB6-F800-4c08-8B7A-83BB121AAD01}</UniqueIdentifier>
      <Extensions>rc;ico;cur;bmp;dlg;rc2;rct;bin;rgs;gif;jpg;jpeg;jpe;resx;tiff;tif;png;wav;mfcribbon-ms</Extensions>
    </Filter>
  </ItemGroup>
  <ItemGroup>
    <None Include="ReadMe.txt" />
  </ItemGroup>
  <ItemGroup>
    <ClInclude Include="targetver.h">
      <Filter>Header Files</Filter>
    </ClInclude>
    <ClInclude Include="user_tk_error.h">
      <Filter>Header Files</Filter>
    </ClInclude>
    <ClInclude Include="UtilCable.h">
      <Filter>Header Files</Filter>
    </ClInclude>
    <ClInclude Include="UtilCollect.h">
      <Filter>Header Files</Filter>
    </ClInclude>
    <ClInclude Include="UtilCollectDtmpnt.h">
      <Filter>Header Files</Filter>
    </ClInclude>
    <ClInclude Include="UtilColor.h">
      <Filter>Header Files</Filter>
    </ClInclude>
    <ClInclude Include="UtilConv.h">
      <Filter>Header Files</Filter>
    </ClInclude>
    <ClInclude Include="UtilFeats.h">
      <Filter>Header Files</Filter>
    </ClInclude>
    <ClInclude Include="UtilFiles.h">
      <Filter>Header Files</Filter>
    </ClInclude>
    <ClInclude Include="UtilGroups.h">
      <Filter>Header Files</Filter>
    </ClInclude>
    <ClInclude Include="UtilIntfData.h">
      <Filter>Header Files</Filter>
    </ClInclude>
    <ClInclude Include="UtilMath.h">
      <Filter>Header Files</Filter>
    </ClInclude>
    <ClInclude Include="UtilMatrix.h">
      <Filter>Header Files</Filter>
    </ClInclude>
    <ClInclude Include="UtilMenu.h">
      <Filter>Header Files</Filter>
    </ClInclude>
    <ClInclude Include="UtilMessage.h">
      <Filter>Header Files</Filter>
    </ClInclude>
    <ClInclude Include="UtilNames.h">
      <Filter>Header Files</Filter>
    </ClInclude>
    <ClInclude Include="UtilString.h">
      <Filter>Header Files</Filter>
    </ClInclude>
    <ClInclude Include="UtilTree.h">
      <Filter>Header Files</Filter>
    </ClInclude>
    <ClInclude Include="UtilTypes.h">
      <Filter>Header Files</Filter>
    </ClInclude>
    <ClInclude Include="UtilVisit.h">
      <Filter>Header Files</Filter>
    </ClInclude>
    <ClInclude Include="TestError.h">
      <Filter>Header Files</Filter>
    </ClInclude>
    <ClInclude Include="PTApplsUnicodeUtils.h">
      <Filter>Header Files</Filter>
    </ClInclude>
    <ClInclude Include="TestElem.h">
      <Filter>Header Files</Filter>
    </ClInclude>
    <ClInclude Include="TestCollect.h">
      <Filter>Header Files</Filter>
    </ClInclude>
    <ClInclude Include="UtilPtc.h">
      <Filter>Header Files</Filter>
    </ClInclude>
  </ItemGroup>
  <ItemGroup>
    <ClCompile Include="PTApplsUnicodeUtils.cpp">
      <Filter>Source Files</Filter>
    </ClCompile>
    <ClCompile Include="TestCollect.cpp">
      <Filter>Source Files</Filter>
    </ClCompile>
    <ClCompile Include="TestError.cpp">
      <Filter>Source Files</Filter>
    </ClCompile>
    <ClCompile Include="TestQcr.cpp">
      <Filter>Source Files</Filter>
    </ClCompile>
    <ClCompile Include="TestRunmode.cpp">
      <Filter>Source Files</Filter>
    </ClCompile>
    <ClCompile Include="UtilArcEndPoints.cpp">
      <Filter>Source Files</Filter>
    </ClCompile>
    <ClCompile Include="UtilCable.cpp">
      <Filter>Source Files</Filter>
    </ClCompile>
    <ClCompile Include="UtilCollect.cpp">
      <Filter>Source Files</Filter>
    </ClCompile>
    <ClCompile Include="UtilCollectDtmpnt.cpp">
      <Filter>Source Files</Filter>
    </ClCompile>
    <ClCompile Include="UtilError.cpp">
      <Filter>Source Files</Filter>
    </ClCompile>
    <ClCompile Include="UtilFiles.cpp">
      <Filter>Source Files</Filter>
    </ClCompile>
    <ClCompile Include="UtilGroups.cpp">
      <Filter>Source Files</Filter>
    </ClCompile>
    <ClCompile Include="UtilIntfData.cpp">
      <Filter>Source Files</Filter>
    </ClCompile>
    <ClCompile Include="UtilMath.cpp">
      <Filter>Source Files</Filter>
    </ClCompile>
    <ClCompile Include="UtilMatrix.cpp">
      <Filter>Source Files</Filter>
    </ClCompile>
    <ClCompile Include="UtilMenu.cpp">
      <Filter>Source Files</Filter>
    </ClCompile>
    <ClCompile Include="UtilMessage.cpp">
      <Filter>Source Files</Filter>
    </ClCompile>
    <ClCompile Include="UtilNames.cpp">
      <Filter>Source Files</Filter>
    </ClCompile>
    <ClCompile Include="UtilString.cpp">
      <Filter>Source Files</Filter>
    </ClCompile>
    <ClCompile Include="UtilTree.cpp">
      <Filter>Source Files</Filter>
    </ClCompile>
    <ClCompile Include="UtilTypes.cpp">
      <Filter>Source Files</Filter>
    </ClCompile>
    <ClCompile Include="UtilVisit.cpp">
      <Filter>Source Files</Filter>
    </ClCompile>
    <ClCompile Include="UtilPtc.cpp">
      <Filter>Source Files</Filter>
    </ClCompile>
    <ClCompile Include="UtilFeats.cpp">
      <Filter>Source Files</Filter>
    </ClCompile>
  </ItemGroup>
</Project>