<?xml version="1.0" encoding="utf-8"?>
<Project ToolsVersion="4.0" xmlns="http://schemas.microsoft.com/developer/msbuild/2003">
  <ItemGroup>
    <Filter Include="Source Files">
      <UniqueIdentifier>{4FC737F1-C7A5-4376-A066-2A32D752A2FF}</UniqueIdentifier>
      <Extensions>cpp;c;cc;cxx;def;odl;idl;hpj;bat;asm;asmx</Extensions>
    </Filter>
    <Filter Include="Header Files">
      <UniqueIdentifier>{93995380-89BD-4b04-88EB-625FBE52EBFB}</UniqueIdentifier>
      <Extensions>h;hpp;hxx;hm;inl;inc;xsd</Extensions>
    </Filter>
    <Filter Include="Resource Files">
      <UniqueIdentifier>{67DA6AB6-F800-4c08-8B7A-83BB121AAD01}</UniqueIdentifier>
      <Extensions>rc;ico;cur;bmp;dlg;rc2;rct;bin;rgs;gif;jpg;jpeg;jpe;resx;tiff;tif;png;wav;mfcribbon-ms</Extensions>
    </Filter>
  </ItemGroup>
  <ItemGroup>
    <None Include="packages.config" />
  </ItemGroup>
  <ItemGroup>
    <ClCompile Include="BuildAssembly.cpp">
      <Filter>Source Files</Filter>
    </ClCompile>
    <ClCompile Include="AssembleUtils.cpp">
      <Filter>Source Files</Filter>
    </ClCompile>
    <ClCompile Include="AssembleComponents.cpp">
      <Filter>Source Files</Filter>
    </ClCompile>
    <ClCompile Include="ApplyModelConstraints.cpp">
      <Filter>Source Files</Filter>
    </ClCompile>
    <ClCompile Include="MaterialProperties.cpp">
      <Filter>Source Files</Filter>
    </ClCompile>
    <ClCompile Include="ProEStructuresUtils.cpp">
      <Filter>Source Files</Filter>
    </ClCompile>
    <ClCompile Include="SetCADModelParameters.cpp">
      <Filter>Source Files</Filter>
    </ClCompile>
    <ClCompile Include="DiagnosticUtilities.cpp">
      <Filter>Source Files</Filter>
    </ClCompile>
    <ClCompile Include="ISISConstants.cpp">
      <Filter>Source Files</Filter>
    </ClCompile>
    <ClCompile Include="CADEnvironmentSettings.cpp">
      <Filter>Source Files</Filter>
    </ClCompile>
    <ClCompile Include="ToolKitPassThroughFunctions.cpp">
      <Filter>Source Files</Filter>
    </ClCompile>
    <ClCompile Include="..\..\..\generated\CAD\generated\CreoMetaData.cpp">
      <Filter>Source Files</Filter>
    </ClCompile>
    <ClCompile Include="CreoModelMetaData.cpp">
      <Filter>Source Files</Filter>
    </ClCompile>
    <ClCompile Include="CADFactoryCreo.cpp">
      <Filter>Source Files</Filter>
    </ClCompile>
    <ClCompile Include="AssemblyOptions.cpp">
      <Filter>Source Files</Filter>
    </ClCompile>
    <ClCompile Include="DatumRefResolver.cpp">
      <Filter>Source Files</Filter>
    </ClCompile>
  </ItemGroup>
  <ItemGroup>
    <ClInclude Include="BuildAssembly.h">
      <Filter>Header Files</Filter>
    </ClInclude>
    <ClInclude Include="AssembleUtils.h">
      <Filter>Header Files</Filter>
    </ClInclude>
    <ClInclude Include="AssembleComponents.h">
      <Filter>Header Files</Filter>
    </ClInclude>
    <ClInclude Include="ApplyModelConstraints.h">
      <Filter>Header Files</Filter>
    </ClInclude>
    <ClInclude Include="MaterialProperties.h">
      <Filter>Header Files</Filter>
    </ClInclude>
    <ClInclude Include="ProEStructuresUtils.h">
      <Filter>Header Files</Filter>
    </ClInclude>
    <ClInclude Include="SetCADModelParameters.h">
      <Filter>Header Files</Filter>
    </ClInclude>
    <ClInclude Include="DiagnosticUtilities.h">
      <Filter>Header Files</Filter>
    </ClInclude>
    <ClInclude Include="ISISConstants.h">
      <Filter>Header Files</Filter>
    </ClInclude>
    <ClInclude Include="CADEnvironmentSettings.h">
      <Filter>Header Files</Filter>
    </ClInclude>
    <ClInclude Include="ToolKitPassThroughFunctions.h">
      <Filter>Header Files</Filter>
    </ClInclude>
    <ClInclude Include="..\..\..\generated\CAD\generated\CreoMetaData.h">
      <Filter>Header Files</Filter>
    </ClInclude>
    <ClInclude Include="CreoModelMetaData.h">
      <Filter>Header Files</Filter>
    </ClInclude>
    <ClInclude Include="CADFactoryCreo.h">
      <Filter>Header Files</Filter>
    </ClInclude>
    <ClInclude Include="AssemblyOptions.h">
      <Filter>Header Files</Filter>
    </ClInclude>
    <ClInclude Include="DatumRefResolver.h">
      <Filter>Header Files</Filter>
    </ClInclude>
  </ItemGroup>
</Project>