
Microsoft Visual Studio Solution File, Format Version 11.00
# Visual Studio 2010
Project("{FAE04EC0-301F-11D3-BF4B-00C04F79EFBC}") = "CyPhy2Modelica_v2", "CyPhy2Modelica_v2.csproj", "{D2DEA0A5-78D5-4346-9C24-4CD7AE10B8AF}"
EndProject
Global
	GlobalSection(SolutionConfigurationPlatforms) = preSolution
		Debug|Any CPU = Debug|Any CPU
		Release|Any CPU = Release|Any CPU
	EndGlobalSection
	GlobalSection(ProjectConfigurationPlatforms) = postSolution
		{D2DEA0A5-78D5-4346-9C24-4CD7AE10B8AF}.Debug|Any CPU.ActiveCfg = Debug|Any CPU
		{D2DEA0A5-78D5-4346-9C24-4CD7AE10B8AF}.Debug|Any CPU.Build.0 = Debug|Any CPU
		{D2DEA0A5-78D5-4346-9C24-4CD7AE10B8AF}.Release|Any CPU.ActiveCfg = Release|Any CPU
		{D2DEA0A5-78D5-4346-9C24-4CD7AE10B8AF}.Release|Any CPU.Build.0 = Release|Any CPU
	EndGlobalSection
	GlobalSection(SolutionProperties) = preSolution
		HideSolutionNode = FALSE
	EndGlobalSection
EndGlobal
