
Microsoft Visual Studio Solution File, Format Version 11.00
# Visual Studio 2010
Project("{8BC9CEB8-8B4A-11D0-8D11-00A0C91BC942}") = "TableEditor", "TableEditor.vcxproj", "{25852958-D8CE-4DF0-AC7A-AF4D5B5D614A}"
EndProject
Global
	GlobalSection(SolutionConfigurationPlatforms) = preSolution
		Debug|Win32 = Debug|Win32
		Release|Win32 = Release|Win32
	EndGlobalSection
	GlobalSection(ProjectConfigurationPlatforms) = postSolution
		{25852958-D8CE-4DF0-AC7A-AF4D5B5D614A}.Debug|Win32.ActiveCfg = Debug|Win32
		{25852958-D8CE-4DF0-AC7A-AF4D5B5D614A}.Debug|Win32.Build.0 = Debug|Win32
		{25852958-D8CE-4DF0-AC7A-AF4D5B5D614A}.Release|Win32.ActiveCfg = Release|Win32
		{25852958-D8CE-4DF0-AC7A-AF4D5B5D614A}.Release|Win32.Build.0 = Release|Win32
	EndGlobalSection
	GlobalSection(SolutionProperties) = preSolution
		HideSolutionNode = FALSE
	EndGlobalSection
EndGlobal
