<?xml version="1.0" encoding="utf-8"?>
<Project ToolsVersion="4.0" xmlns="http://schemas.microsoft.com/developer/msbuild/2003">
  <ItemGroup>
    <Filter Include="XME">
      <UniqueIdentifier>{93995380-89BD-4b04-88EB-625FBE52EBFB}</UniqueIdentifier>
      <Extensions>h;hpp;hxx;hm;inl;inc;xsd</Extensions>
    </Filter>
    <Filter Include="Generated Models">
      <UniqueIdentifier>{67DA6AB6-F800-4c08-8B7A-83BB121AAD01}</UniqueIdentifier>
      <Extensions>rc;ico;cur;bmp;dlg;rc2;rct;bin;rgs;gif;jpg;jpeg;jpe;resx;tiff;tif;png;wav;mfcribbon-ms</Extensions>
    </Filter>
  </ItemGroup>
  <ItemGroup>
    <xme2mga Include="CyPhyML.xme">
      <Filter>XME</Filter>
    </xme2mga>
    <xme2mga Include="CyPhyML-core.xme">
      <Filter>XME</Filter>
    </xme2mga>
  </ItemGroup>
  <ItemGroup>
    <mga2udmxml Include="..\..\generated\CyPhyML\models\CyPhyML_uml.mga">
      <Filter>Generated Models</Filter>
    </mga2udmxml>
  </ItemGroup>
  <ItemGroup>
    <udm Include="..\..\generated\CyPhyML\models\CyPhyML_udm.xml">
      <Filter>Generated Models</Filter>
    </udm>
  </ItemGroup>
  <ItemGroup>
    <meta2uml Include="..\..\generated\CyPhyML\models\CyPhyML.mga">
      <Filter>Generated Models</Filter>
    </meta2uml>
    <meta2uml Include="..\..\generated\CyPhyML\models\CyPhyML-core.mga">
      <Filter>Generated Models</Filter>
    </meta2uml>
  </ItemGroup>
</Project>