
Microsoft Visual Studio Solution File, Format Version 11.00
# Visual Studio 2010
Project("{FAE04EC0-301F-11D3-BF4B-00C04F79EFBC}") = "DesignConsistencyChecker", "DesignConsistencyChecker.csproj", "{93FCCA2C-34B2-4855-A8DE-0A5A7F3FDECF}"
EndProject
Global
	GlobalSection(SolutionConfigurationPlatforms) = preSolution
		Debug|Any CPU = Debug|Any CPU
		Release|Any CPU = Release|Any CPU
	EndGlobalSection
	GlobalSection(ProjectConfigurationPlatforms) = postSolution
		{93FCCA2C-34B2-4855-A8DE-0A5A7F3FDECF}.Debug|Any CPU.ActiveCfg = Debug|Any CPU
		{93FCCA2C-34B2-4855-A8DE-0A5A7F3FDECF}.Debug|Any CPU.Build.0 = Debug|Any CPU
		{93FCCA2C-34B2-4855-A8DE-0A5A7F3FDECF}.Release|Any CPU.ActiveCfg = Release|Any CPU
		{93FCCA2C-34B2-4855-A8DE-0A5A7F3FDECF}.Release|Any CPU.Build.0 = Release|Any CPU
	EndGlobalSection
	GlobalSection(SolutionProperties) = preSolution
		HideSolutionNode = FALSE
	EndGlobalSection
EndGlobal
