<?xml version="1.0" encoding="utf-8"?>
<Project ToolsVersion="4.0" xmlns="http://schemas.microsoft.com/developer/msbuild/2003">
  <ItemGroup>
    <Filter Include="Source Files">
      <UniqueIdentifier>{a092c42f-5957-4e80-a6e3-27d62d6ab1b9}</UniqueIdentifier>
      <Extensions>cpp;c;cxx;rc;def;r;odl;idl;hpj;bat</Extensions>
    </Filter>
    <Filter Include="Header Files">
      <UniqueIdentifier>{456abed7-3c36-482a-8586-5a75e42f2269}</UniqueIdentifier>
      <Extensions>h;hpp;hxx;hm;inl</Extensions>
    </Filter>
    <Filter Include="Resource Files">
      <UniqueIdentifier>{12fc5b1b-a828-40da-af8b-488511fba7c3}</UniqueIdentifier>
      <Extensions>ico;cur;bmp;dlg;rc2;rct;bin;rgs;gif;jpg;jpeg;jpe</Extensions>
    </Filter>
    <Filter Include="CyPhyToolbox">
      <UniqueIdentifier>{3a50323f-5ed6-48af-a1f0-2ca88f68931f}</UniqueIdentifier>
    </Filter>
  </ItemGroup>
  <ItemGroup>
    <ClCompile Include="ComHelp.cpp">
      <Filter>Source Files</Filter>
    </ClCompile>
    <ClCompile Include="$(GME_ROOT)\SDK\BON\Common\ComponentDll.cpp">
      <Filter>Source Files</Filter>
    </ClCompile>
    <ClCompile Include="ComponentObj.cpp">
      <Filter>Source Files</Filter>
    </ClCompile>
    <ClCompile Include="RawComponent.cpp">
      <Filter>Source Files</Filter>
    </ClCompile>
    <ClCompile Include="StdAfx.cpp">
      <Filter>Source Files</Filter>
    </ClCompile>
    <ClCompile Include="UdmApp.cpp">
      <Filter>Source Files</Filter>
    </ClCompile>
    <ClCompile Include="UdmFormatter.cpp">
      <Filter>Source Files</Filter>
    </ClCompile>
    <ClCompile Include="$(GME_ROOT)\SDK\BON\Common\Exceptions.cpp">
      <Filter>Source Files</Filter>
    </ClCompile>
    <ClCompile Include="..\CyPhyToolbox\CyPhyElaborate.cpp">
      <Filter>CyPhyToolbox</Filter>
    </ClCompile>
    <ClCompile Include="..\CyPhyToolbox\FormulaTraverse.cpp">
      <Filter>CyPhyToolbox</Filter>
    </ClCompile>
    <ClCompile Include="..\CyPhyToolbox\UdmGmeUtil.cpp">
      <Filter>CyPhyToolbox</Filter>
    </ClCompile>
    <ClCompile Include="..\CyPhyToolbox\UnitUtil.cpp">
      <Filter>CyPhyToolbox</Filter>
    </ClCompile>
    <ClCompile Include="UdmConsole.cpp">
      <Filter>Source Files</Filter>
    </ClCompile>
    <ClCompile Include="UpdateParametersInNewTransaction.cpp">
      <Filter>Source Files</Filter>
    </ClCompile>
  </ItemGroup>
  <ItemGroup>
    <None Include="Component.def">
      <Filter>Source Files</Filter>
    </None>
    <None Include="CompIcon.ico">
      <Filter>Resource Files</Filter>
    </None>
    <None Include="packages.config" />
  </ItemGroup>
  <ItemGroup>
    <ResourceCompile Include="Component.rc">
      <Filter>Source Files</Filter>
    </ResourceCompile>
  </ItemGroup>
  <ItemGroup>
    <Midl Include="$(GME_ROOT)\SDK\BON\Common\ComponentLib.idl">
      <Filter>Source Files</Filter>
    </Midl>
  </ItemGroup>
  <ItemGroup>
    <ClInclude Include="$(GME_ROOT)\SDK\BON\Common\ComHelp.h">
      <Filter>Header Files</Filter>
    </ClInclude>
    <ClInclude Include="ComponentConfig.h">
      <Filter>Header Files</Filter>
    </ClInclude>
    <ClInclude Include="$(GME_ROOT)\SDK\BON\Common\ComponentDll.h">
      <Filter>Header Files</Filter>
    </ClInclude>
    <ClInclude Include="ComponentObj.h">
      <Filter>Header Files</Filter>
    </ClInclude>
    <ClInclude Include="$(GME_ROOT)\SDK\BON\Common\GMECOM.H">
      <Filter>Header Files</Filter>
    </ClInclude>
    <ClInclude Include="RawComponent.h">
      <Filter>Header Files</Filter>
    </ClInclude>
    <ClInclude Include="Resource.h">
      <Filter>Header Files</Filter>
    </ClInclude>
    <ClInclude Include="StdAfx.h">
      <Filter>Header Files</Filter>
    </ClInclude>
    <ClInclude Include="$(GME_ROOT)\SDK\BON\Common\targetver.h">
      <Filter>Header Files</Filter>
    </ClInclude>
    <ClInclude Include="UdmApp.h">
      <Filter>Header Files</Filter>
    </ClInclude>
    <ClInclude Include="UdmConfig.h">
      <Filter>Header Files</Filter>
    </ClInclude>
    <ClInclude Include="UdmConsole.h">
      <Filter>Header Files</Filter>
    </ClInclude>
    <ClInclude Include="UdmFormatter.h">
      <Filter>Header Files</Filter>
    </ClInclude>
    <ClInclude Include="..\..\generated\CyPhyML.h">
      <Filter>Header Files</Filter>
    </ClInclude>
    <ClInclude Include="..\CyPhyToolbox\CyPhyElaborate.h">
      <Filter>CyPhyToolbox</Filter>
    </ClInclude>
    <ClInclude Include="..\CyPhyToolbox\CyPhyToolbox.h">
      <Filter>CyPhyToolbox</Filter>
    </ClInclude>
    <ClInclude Include="..\CyPhyToolbox\EvaluateFormula.h">
      <Filter>CyPhyToolbox</Filter>
    </ClInclude>
    <ClInclude Include="..\CyPhyToolbox\FormulaTraverse.h">
      <Filter>CyPhyToolbox</Filter>
    </ClInclude>
    <ClInclude Include="..\CyPhyToolbox\string_utils.h">
      <Filter>CyPhyToolbox</Filter>
    </ClInclude>
    <ClInclude Include="..\CyPhyToolbox\UdmGmeUtil.h">
      <Filter>CyPhyToolbox</Filter>
    </ClInclude>
    <ClInclude Include="..\CyPhyToolbox\UnitUtil.h">
      <Filter>CyPhyToolbox</Filter>
    </ClInclude>
  </ItemGroup>
</Project>