
Microsoft Visual Studio Solution File, Format Version 11.00
# Visual Studio 2010
Project("{FAE04EC0-301F-11D3-BF4B-00C04F79EFBC}") = "CyPhyComplexity", "CyPhyComplexity.csproj", "{E7D6F91C-36C9-4571-A261-17015DE29E26}"
EndProject
Global
	GlobalSection(SolutionConfigurationPlatforms) = preSolution
		Debug|Any CPU = Debug|Any CPU
		Release|Any CPU = Release|Any CPU
	EndGlobalSection
	GlobalSection(ProjectConfigurationPlatforms) = postSolution
		{E7D6F91C-36C9-4571-A261-17015DE29E26}.Debug|Any CPU.ActiveCfg = Debug|Any CPU
		{E7D6F91C-36C9-4571-A261-17015DE29E26}.Debug|Any CPU.Build.0 = Debug|Any CPU
		{E7D6F91C-36C9-4571-A261-17015DE29E26}.Release|Any CPU.ActiveCfg = Release|Any CPU
		{E7D6F91C-36C9-4571-A261-17015DE29E26}.Release|Any CPU.Build.0 = Release|Any CPU
	EndGlobalSection
	GlobalSection(SolutionProperties) = preSolution
		HideSolutionNode = FALSE
	EndGlobalSection
EndGlobal
