
Microsoft Visual Studio Solution File, Format Version 11.00
# Visual Studio 2010
Project("{8BC9CEB8-8B4A-11D0-8D11-00A0C91BC942}") = "CyPhyElaborate", "CyPhyElaborate.vcxproj", "{B3191B0E-490A-402E-B1AD-64718ADFC46E}"
EndProject
Global
	GlobalSection(SolutionConfigurationPlatforms) = preSolution
		Debug|Win32 = Debug|Win32
		Release|Win32 = Release|Win32
	EndGlobalSection
	GlobalSection(ProjectConfigurationPlatforms) = postSolution
		{B3191B0E-490A-402E-B1AD-64718ADFC46E}.Debug|Win32.ActiveCfg = Debug|Win32
		{B3191B0E-490A-402E-B1AD-64718ADFC46E}.Debug|Win32.Build.0 = Debug|Win32
		{B3191B0E-490A-402E-B1AD-64718ADFC46E}.Release|Win32.ActiveCfg = Release|Win32
		{B3191B0E-490A-402E-B1AD-64718ADFC46E}.Release|Win32.Build.0 = Release|Win32
	EndGlobalSection
	GlobalSection(SolutionProperties) = preSolution
		HideSolutionNode = FALSE
	EndGlobalSection
EndGlobal
