<?xml version="1.0" encoding="utf-8"?>
<Project ToolsVersion="4.0" xmlns="http://schemas.microsoft.com/developer/msbuild/2003">
  <ItemGroup>
    <ClCompile Include="$(GME_ROOT)\SDK\BON\Common\ComponentDll.cpp">
      <Filter>Source Files</Filter>
    </ClCompile>
    <ClCompile Include="CyPhyDSEConverter.cpp">
      <Filter>Source Files</Filter>
    </ClCompile>
    <ClCompile Include="$(GME_ROOT)\SDK\BON\Common\Exceptions.cpp">
      <Filter>Source Files</Filter>
    </ClCompile>
    <ClCompile Include="RawComponent.cpp">
      <Filter>Source Files</Filter>
    </ClCompile>
    <ClCompile Include="StdAfx.cpp">
      <Filter>Source Files</Filter>
    </ClCompile>
    <ClCompile Include="UdmApp.cpp">
      <Filter>Source Files</Filter>
    </ClCompile>
    <ClCompile Include="..\CyPhyToolbox\UdmGmeUtil.cpp">
      <Filter>Source Files</Filter>
    </ClCompile>
    <ClCompile Include="UdmFormatter.cpp">
      <Filter>Source Files</Filter>
    </ClCompile>
    <ClCompile Include="..\CyPhyToolbox\UnitUtil.cpp">
      <Filter>Source Files</Filter>
    </ClCompile>
    <ClCompile Include="StatusDialog.cpp">
      <Filter>Source Files</Filter>
    </ClCompile>
    <ClCompile Include="..\Util\CyPhyUtil.cpp">
      <Filter>Source Files</Filter>
    </ClCompile>
    <ClCompile Include="DSRefactorDialog.cpp">
      <Filter>Source Files</Filter>
    </ClCompile>
    <ClCompile Include="CARefactorDialog.cpp">
      <Filter>Source Files</Filter>
    </ClCompile>
    <ClCompile Include="CompoundDCRefactorDialog.cpp">
      <Filter>Source Files</Filter>
    </ClCompile>
    <ClCompile Include="ComHelp.cpp" />
    <ClCompile Include="ComponentObj.cpp" />
    <ClCompile Include="UdmConsole.cpp">
      <Filter>Source Files</Filter>
    </ClCompile>
  </ItemGroup>
  <ItemGroup>
    <ClInclude Include="ComponentConfig.h">
      <Filter>HeaderFiles</Filter>
    </ClInclude>
    <ClInclude Include="ComponentLib_h.h">
      <Filter>HeaderFiles</Filter>
    </ClInclude>
    <ClInclude Include="CyPhyDSEConverter.h">
      <Filter>HeaderFiles</Filter>
    </ClInclude>
    <ClInclude Include="..\..\generated\CyPhyML.h">
      <Filter>HeaderFiles</Filter>
    </ClInclude>
    <ClInclude Include="RawComponent.h">
      <Filter>HeaderFiles</Filter>
    </ClInclude>
    <ClInclude Include="Resource.h">
      <Filter>HeaderFiles</Filter>
    </ClInclude>
    <ClInclude Include="StdAfx.h">
      <Filter>HeaderFiles</Filter>
    </ClInclude>
    <ClInclude Include="UdmApp.h">
      <Filter>HeaderFiles</Filter>
    </ClInclude>
    <ClInclude Include="UdmConfig.h">
      <Filter>HeaderFiles</Filter>
    </ClInclude>
    <ClInclude Include="UdmConsole.h">
      <Filter>HeaderFiles</Filter>
    </ClInclude>
    <ClInclude Include="StatusDialog.h">
      <Filter>HeaderFiles</Filter>
    </ClInclude>
    <ClInclude Include="..\CyPhyToolbox\UdmGmeUtil.h">
      <Filter>HeaderFiles</Filter>
    </ClInclude>
    <ClInclude Include="..\Util\CyPhyUtil.h">
      <Filter>HeaderFiles</Filter>
    </ClInclude>
    <ClInclude Include="DSRefactorDialog.h">
      <Filter>HeaderFiles</Filter>
    </ClInclude>
    <ClInclude Include="CARefactorDialog.h">
      <Filter>HeaderFiles</Filter>
    </ClInclude>
    <ClInclude Include="CompoundDCRefactorDialog.h">
      <Filter>HeaderFiles</Filter>
    </ClInclude>
    <ClInclude Include="RefacorTypeDef.h">
      <Filter>HeaderFiles</Filter>
    </ClInclude>
  </ItemGroup>
  <ItemGroup>
    <None Include="CompIcon.ico">
      <Filter>Source Files</Filter>
    </None>
    <None Include="Component.def">
      <Filter>Source Files</Filter>
    </None>
    <None Include="packages.config" />
  </ItemGroup>
  <ItemGroup>
    <Filter Include="HeaderFiles">
      <UniqueIdentifier>{1f0ecf44-2603-4298-badd-3a06f72d2c50}</UniqueIdentifier>
    </Filter>
    <Filter Include="Source Files">
      <UniqueIdentifier>{1af45d5e-fb1d-4f18-8474-ee027398e784}</UniqueIdentifier>
    </Filter>
  </ItemGroup>
  <ItemGroup>
    <ResourceCompile Include="Component.rc">
      <Filter>Source Files</Filter>
    </ResourceCompile>
  </ItemGroup>
  <ItemGroup>
    <Midl Include="$(GME_ROOT)\SDK\Bon\Common\ComponentLib.idl">
      <Filter>Source Files</Filter>
    </Midl>
  </ItemGroup>
</Project>