<?xml version="1.0" encoding="utf-8"?>
<Project ToolsVersion="4.0" xmlns="http://schemas.microsoft.com/developer/msbuild/2003">
  <ItemGroup>
    <ClCompile Include="$(GME_ROOT)\SDK\BON\Common\ComHelp.cpp">
      <Filter>Source Files</Filter>
    </ClCompile>
    <ClCompile Include="ComponentDll.cpp">
      <Filter>Source Files</Filter>
    </ClCompile>
    <ClCompile Include="ComponentObj.cpp">
      <Filter>Source Files</Filter>
    </ClCompile>
    <ClCompile Include="$(GME_ROOT)\SDK\BON\Common\Console.cpp">
      <Filter>Source Files</Filter>
    </ClCompile>
    <ClCompile Include="ConstraintAddDialog.cpp">
      <Filter>Source Files</Filter>
    </ClCompile>
    <ClCompile Include="ConstraintEditDialog.cpp">
      <Filter>Source Files</Filter>
    </ClCompile>
    <ClCompile Include="ConstraintMainDialog.cpp">
      <Filter>Source Files</Filter>
    </ClCompile>
    <ClCompile Include="..\CyPhy2Desert\CyPhy2Desert.cpp">
      <Filter>Source Files</Filter>
    </ClCompile>
    <ClCompile Include="DesBackMap.cpp">
      <Filter>Source Files</Filter>
    </ClCompile>
    <ClCompile Include="DesertConfigDialog.cpp">
      <Filter>Source Files</Filter>
    </ClCompile>
    <ClCompile Include="DesertHelper.cpp">
      <Filter>Source Files</Filter>
    </ClCompile>
    <ClCompile Include="DesertIface.cpp">
      <Filter>Source Files</Filter>
    </ClCompile>
    <ClCompile Include="DesertIfaceBack.cpp">
      <Filter>Source Files</Filter>
    </ClCompile>
    <ClCompile Include="DesMap.cpp">
      <Filter>Source Files</Filter>
    </ClCompile>
    <ClCompile Include="$(GME_ROOT)\SDK\BON\Common\Exceptions.cpp">
      <Filter>Source Files</Filter>
    </ClCompile>
    <ClCompile Include="RawComponent.cpp">
      <Filter>Source Files</Filter>
    </ClCompile>
    <ClCompile Include="StatusDialog.cpp">
      <Filter>Source Files</Filter>
    </ClCompile>
    <ClCompile Include="StdAfx.cpp">
      <Filter>Source Files</Filter>
    </ClCompile>
    <ClCompile Include="UdmApp.cpp">
      <Filter>Source Files</Filter>
    </ClCompile>
    <ClCompile Include="..\Desert2CyPhy\Desert2CyPhy.cpp">
      <Filter>Source Files</Filter>
    </ClCompile>
    <ClCompile Include="DSERootSelDialog.cpp">
      <Filter>Source Files</Filter>
    </ClCompile>
    <ClCompile Include="DesertStatusDlg.cpp">
      <Filter>Source Files</Filter>
    </ClCompile>
    <ClCompile Include="Splash.cpp">
      <Filter>Source Files</Filter>
    </ClCompile>
    <ClCompile Include="CheckHeadCtrl.cpp">
      <Filter>Source Files</Filter>
    </ClCompile>
    <ClCompile Include="DesertThread.cpp">
      <Filter>Source Files</Filter>
    </ClCompile>
    <ClCompile Include="MophyMatrixFileDlg.cpp">
      <Filter>Source Files</Filter>
    </ClCompile>
    <ClCompile Include="CyPhy2MorphMatrixFileDlg.cpp">
      <Filter>Source Files</Filter>
    </ClCompile>
    <ClCompile Include="XLAutomation.cpp">
      <Filter>Source Files</Filter>
    </ClCompile>
    <ClCompile Include="..\CyPhyToolbox\DesertFormulaUtil.cpp">
      <Filter>Source Files</Filter>
    </ClCompile>
    <ClCompile Include="DSESelectorDialog.cpp">
      <Filter>Source Files</Filter>
    </ClCompile>
    <ClCompile Include="SortHeaderCtrl.cpp">
      <Filter>Source Files</Filter>
    </ClCompile>
    <ClCompile Include="SortListCtrl.cpp">
      <Filter>Source Files</Filter>
    </ClCompile>
    <ClCompile Include="WndResizer.cpp">
      <Filter>Source Files</Filter>
    </ClCompile>
    <ClCompile Include="..\Util\CyPhyUtil.cpp">
      <Filter>Source Files</Filter>
    </ClCompile>
  </ItemGroup>
  <ItemGroup>
    <ClInclude Include="ConstraintAddDialog.h">
      <Filter>Header Files</Filter>
    </ClInclude>
    <ClInclude Include="ConstraintEditDialog.h">
      <Filter>Header Files</Filter>
    </ClInclude>
    <ClInclude Include="ConstraintMainDialog.h">
      <Filter>Header Files</Filter>
    </ClInclude>
    <ClInclude Include="DesBackMap.h">
      <Filter>Header Files</Filter>
    </ClInclude>
    <ClInclude Include="DesertConfigDialog.h">
      <Filter>Header Files</Filter>
    </ClInclude>
    <ClInclude Include="DesertHelper.h">
      <Filter>Header Files</Filter>
    </ClInclude>
    <ClInclude Include="DesertIface.h">
      <Filter>Header Files</Filter>
    </ClInclude>
    <ClInclude Include="DesertIfaceBack.h">
      <Filter>Header Files</Filter>
    </ClInclude>
    <ClInclude Include="DesMap.h">
      <Filter>Header Files</Filter>
    </ClInclude>
    <ClInclude Include="RawComponent.h">
      <Filter>Header Files</Filter>
    </ClInclude>
    <ClInclude Include="Resource.h">
      <Filter>Header Files</Filter>
    </ClInclude>
    <ClInclude Include="StatusDialog.h">
      <Filter>Header Files</Filter>
    </ClInclude>
    <ClInclude Include="StdAfx.h">
      <Filter>Header Files</Filter>
    </ClInclude>
    <ClInclude Include="UdmApp.h">
      <Filter>Header Files</Filter>
    </ClInclude>
    <ClInclude Include="UdmConfig.h">
      <Filter>Header Files</Filter>
    </ClInclude>
    <ClInclude Include="UdmConsole.h">
      <Filter>Header Files</Filter>
    </ClInclude>
    <ClInclude Include="DSERootSelDialog.h">
      <Filter>Header Files</Filter>
    </ClInclude>
    <ClInclude Include="DesertStatusDlg.h">
      <Filter>Header Files</Filter>
    </ClInclude>
    <ClInclude Include="Splash.h">
      <Filter>Header Files</Filter>
    </ClInclude>
    <ClInclude Include="DesertThread.h">
      <Filter>Header Files</Filter>
    </ClInclude>
    <ClInclude Include="XLAutomation.h">
      <Filter>Header Files</Filter>
    </ClInclude>
    <ClInclude Include="SortHeaderCtrl.h">
      <Filter>Header Files</Filter>
    </ClInclude>
    <ClInclude Include="SortListCtrl.h">
      <Filter>Header Files</Filter>
    </ClInclude>
    <ClInclude Include="WndResizer.h">
      <Filter>Header Files</Filter>
    </ClInclude>
    <ClInclude Include="..\Util\CyPhyUtil.h">
      <Filter>Header Files</Filter>
    </ClInclude>
    <ClInclude Include="ComponentConfig.h">
      <Filter>Header Files</Filter>
    </ClInclude>
    <ClInclude Include="ComponentObj.h">
      <Filter>Header Files</Filter>
    </ClInclude>
  </ItemGroup>
  <ItemGroup>
    <ClInclude Include="CyPhy2MorphMatrixFileDlg.h">
      <Filter>Header Files</Filter>
    </ClInclude>
    <ClInclude Include="..\Util\CyPhyUtil.h">
      <Filter>Header Files</Filter>
    </ClInclude>
  </ItemGroup>
  <ItemGroup>
    <CustomBuild Include="$(DESERT_PATH)\bin\desert.dll" />
    <CustomBuild Include="$(DESERT_PATH)\bin\desertD.dll" />
    <CustomBuild Include="$(DESERT_PATH)\bin\desert_x64D.dll" />
    <CustomBuild Include="$(DESERT_PATH)\bin\desert_x64.dll" />
    <CustomBuild Include="$(DESERT_PATH)\bin\DesertTool.exe" />
    <CustomBuild Include="$(DESERT_PATH)\bin\DesertToolD.exe" />
  </ItemGroup>
  <ItemGroup>
    <None Include="CompIcon.ico">
      <Filter>Resource Files</Filter>
    </None>
    <None Include="Component.def">
      <Filter>Source Files</Filter>
    </None>
    <None Include="checkboxes.bmp">
      <Filter>Resource Files</Filter>
    </None>
    <None Include="splash.bmp">
      <Filter>Resource Files</Filter>
    </None>
    <None Include="packages.config" />
  </ItemGroup>
  <ItemGroup>
    <Filter Include="Header Files">
      <UniqueIdentifier>{550e107e-abf6-49fc-98b8-7134e74a6fa1}</UniqueIdentifier>
    </Filter>
    <Filter Include="Source Files">
      <UniqueIdentifier>{e44a7a33-2fc5-43c7-9d4e-e95058c043f9}</UniqueIdentifier>
    </Filter>
    <Filter Include="Resource Files">
      <UniqueIdentifier>{73b6166c-4ced-4ecf-acb9-3f465ba5a312}</UniqueIdentifier>
    </Filter>
  </ItemGroup>
  <ItemGroup>
    <Midl Include="ComponentLib.idl">
      <Filter>Source Files</Filter>
    </Midl>
  </ItemGroup>
  <ItemGroup>
    <ResourceCompile Include="Component.rc">
      <Filter>Resource Files</Filter>
    </ResourceCompile>
  </ItemGroup>
  <ItemGroup>
    <udm Include="..\..\externals\desert\iface\DesertIface.xml" />
    <udm Include="..\..\externals\desert\iface\DesertIfaceBack.xml" />
  </ItemGroup>
</Project>