<?xml version="1.0" encoding="utf-8"?>
<Project ToolsVersion="4.0" xmlns="http://schemas.microsoft.com/developer/msbuild/2003">
  <ItemGroup>
    <Filter Include="Source Files">
      <UniqueIdentifier>{4FC737F1-C7A5-4376-A066-2A32D752A2FF}</UniqueIdentifier>
      <Extensions>cpp;c;cc;cxx;def;odl;idl;hpj;bat;asm;asmx</Extensions>
    </Filter>
    <Filter Include="Header Files">
      <UniqueIdentifier>{93995380-89BD-4b04-88EB-625FBE52EBFB}</UniqueIdentifier>
      <Extensions>h;hpp;hxx;hm;inl;inc;xsd</Extensions>
    </Filter>
    <Filter Include="Resource Files">
      <UniqueIdentifier>{67DA6AB6-F800-4c08-8B7A-83BB121AAD01}</UniqueIdentifier>
      <Extensions>rc;ico;cur;bmp;dlg;rc2;rct;bin;rgs;gif;jpg;jpeg;jpe;resx;tiff;tif;png;wav;mfcribbon-ms</Extensions>
    </Filter>
  </ItemGroup>
  <ItemGroup>
    <None Include="CADCreoParametricCommonFunctions_make" />
    <None Include="packages.config" />
  </ItemGroup>
  <ItemGroup>
    <ClInclude Include="CommonFunctions.h">
      <Filter>Header Files</Filter>
    </ClInclude>
    <ClInclude Include="CommonUtilities.h">
      <Filter>Header Files</Filter>
    </ClInclude>
    <ClInclude Include="ParametricParameters.h">
      <Filter>Header Files</Filter>
    </ClInclude>
    <ClInclude Include="StringToEnumConversions.h">
      <Filter>Header Files</Filter>
    </ClInclude>
    <ClInclude Include="CADSoftwareEnvirUtils.h">
      <Filter>Header Files</Filter>
    </ClInclude>
    <ClInclude Include="MultiFormatString.h">
      <Filter>Header Files</Filter>
    </ClInclude>
    <ClInclude Include="CommonFeatureUtils.h">
      <Filter>Header Files</Filter>
    </ClInclude>
    <ClInclude Include="CreoModelToCyphyXML.h">
      <Filter>Header Files</Filter>
    </ClInclude>
    <ClInclude Include="UIFunctions.h">
      <Filter>Header Files</Filter>
    </ClInclude>
    <ClInclude Include="ExteriorShell.h">
      <Filter>Header Files</Filter>
    </ClInclude>
    <ClInclude Include="Selector.h">
      <Filter>Header Files</Filter>
    </ClInclude>
    <ClInclude Include="FeatureFactory.h">
      <Filter>Header Files</Filter>
    </ClInclude>
    <ClInclude Include="Disassembler.h">
      <Filter>Header Files</Filter>
    </ClInclude>
    <ClInclude Include="TemplateModel.h">
      <Filter>Header Files</Filter>
    </ClInclude>
    <ClInclude Include="JointCreo.h">
      <Filter>Header Files</Filter>
    </ClInclude>
    <ClInclude Include="resource.h">
      <Filter>Header Files</Filter>
    </ClInclude>
  </ItemGroup>
  <ItemGroup>
    <ClCompile Include="CommonFunctions.cpp">
      <Filter>Source Files</Filter>
    </ClCompile>
    <ClCompile Include="CommonUtilities.cpp">
      <Filter>Source Files</Filter>
    </ClCompile>
    <ClCompile Include="ParametricParameters.cpp">
      <Filter>Source Files</Filter>
    </ClCompile>
    <ClCompile Include="StringToEnumConversions.cpp">
      <Filter>Source Files</Filter>
    </ClCompile>
    <ClCompile Include="CADSoftwareEnvirUtils.cpp">
      <Filter>Source Files</Filter>
    </ClCompile>
    <ClCompile Include="MultiFormatString.cpp">
      <Filter>Source Files</Filter>
    </ClCompile>
    <ClCompile Include="CommonFeatureUtils.cpp">
      <Filter>Source Files</Filter>
    </ClCompile>
    <ClCompile Include="CreoModelToCyphyXML.cpp">
      <Filter>Source Files</Filter>
    </ClCompile>
    <ClCompile Include="UIFunctions.cpp">
      <Filter>Source Files</Filter>
    </ClCompile>
    <ClCompile Include="CreoSaveFeatureUtility.cpp">
      <Filter>Source Files</Filter>
    </ClCompile>
    <ClCompile Include="ExteriorShell.cpp">
      <Filter>Source Files</Filter>
    </ClCompile>
    <ClCompile Include="FeatureFactory.cpp">
      <Filter>Source Files</Filter>
    </ClCompile>
    <ClCompile Include="Selector.cpp">
      <Filter>Source Files</Filter>
    </ClCompile>
    <ClCompile Include="ExteriorShell_PolatedAxis.cpp">
      <Filter>Source Files</Filter>
    </ClCompile>
    <ClCompile Include="ExteriorShell_PolatedSpace.cpp">
      <Filter>Source Files</Filter>
    </ClCompile>
    <ClCompile Include="disassembler.cpp">
      <Filter>Source Files</Filter>
    </ClCompile>
    <ClCompile Include="TemplateModel.cpp">
      <Filter>Source Files</Filter>
    </ClCompile>
    <ClCompile Include="JointCreo.cpp">
      <Filter>Source Files</Filter>
    </ClCompile>
  </ItemGroup>
  <ItemGroup>
    <ResourceCompile Include="CADCreoParametricCommonFunctions.rc">
      <Filter>Resource Files</Filter>
    </ResourceCompile>
  </ItemGroup>
</Project>