<?xml version="1.0" encoding="utf-8"?>
<Project ToolsVersion="4.0" xmlns="http://schemas.microsoft.com/developer/msbuild/2003">
  <ItemGroup>
    <Filter Include="Source Files">
      <UniqueIdentifier>{4FC737F1-C7A5-4376-A066-2A32D752A2FF}</UniqueIdentifier>
      <Extensions>cpp;c;cc;cxx;def;odl;idl;hpj;bat;asm;asmx</Extensions>
    </Filter>
    <Filter Include="Header Files">
      <UniqueIdentifier>{93995380-89BD-4b04-88EB-625FBE52EBFB}</UniqueIdentifier>
      <Extensions>h;hpp;hxx;hm;inl;inc;xsd</Extensions>
    </Filter>
    <Filter Include="Resource Files">
      <UniqueIdentifier>{67DA6AB6-F800-4c08-8B7A-83BB121AAD01}</UniqueIdentifier>
      <Extensions>rc;ico;cur;bmp;dlg;rc2;rct;bin;rgs;gif;jpg;jpeg;jpe;resx;tiff;tif;png;wav;mfcribbon-ms</Extensions>
    </Filter>
    <Filter Include="Release">
      <UniqueIdentifier>{3fa453c4-c906-4f29-9e0a-36aa37b1d258}</UniqueIdentifier>
    </Filter>
    <Filter Include="Release\x64">
      <UniqueIdentifier>{a7c171be-e3d2-4766-8dbf-3a645323ebc4}</UniqueIdentifier>
    </Filter>
    <Filter Include="Debug">
      <UniqueIdentifier>{adae5727-2244-4fc5-b12b-a9e8b6b97de4}</UniqueIdentifier>
    </Filter>
    <Filter Include="Debug\x64">
      <UniqueIdentifier>{2fa961f8-a0ac-4ee5-b244-1b5be6d5d04c}</UniqueIdentifier>
    </Filter>
  </ItemGroup>
  <ItemGroup>
    <None Include="CADCreoParametricCreateAssembly_make" />
    <None Include="packages.config" />
  </ItemGroup>
  <ItemGroup>
    <ClCompile Include="CADCreoParametricCreateAssembly.cpp">
      <Filter>Source Files</Filter>
    </ClCompile>
    <ClCompile Include="SurvivabilityAnalysis.cpp">
      <Filter>Source Files</Filter>
    </ClCompile>
    <ClCompile Include="AssemblyCreationViaInputFile.cpp">
      <Filter>Source Files</Filter>
    </ClCompile>
    <ClCompile Include="CFDAnalysis.cpp">
      <Filter>Source Files</Filter>
    </ClCompile>
    <ClCompile Include="GlobalModelData.cpp">
      <Filter>Source Files</Filter>
    </ClCompile>
    <ClCompile Include="StdAfx.cpp">
      <Filter>Source Files</Filter>
    </ClCompile>
    <ClCompile Include="..\..\..\generated\CAD\generated\CADAnalysisMetaData.cpp">
      <Filter>Source Files</Filter>
    </ClCompile>
    <ClCompile Include="FiniteElementAnalysis.cpp">
      <Filter>Source Files</Filter>
    </ClCompile>
  </ItemGroup>
  <ItemGroup>
    <ClInclude Include="ISISVersionNumber.h">
      <Filter>Header Files</Filter>
    </ClInclude>
    <ClInclude Include="SurvivabilityAnalysis.h">
      <Filter>Header Files</Filter>
    </ClInclude>
    <ClInclude Include="AssemblyCreationViaInputFile.h">
      <Filter>Header Files</Filter>
    </ClInclude>
    <ClInclude Include="CFDAnalysis.h">
      <Filter>Header Files</Filter>
    </ClInclude>
    <ClInclude Include="GlobalModelData.h">
      <Filter>Header Files</Filter>
    </ClInclude>
    <ClInclude Include="stdafx.h">
      <Filter>Header Files</Filter>
    </ClInclude>
    <ClInclude Include="FiniteElementAnalysis.h">
      <Filter>Header Files</Filter>
    </ClInclude>
  </ItemGroup>
  <ItemGroup>
    <ResourceCompile Include="CADCreoParametricCreateAssembly.rc">
      <Filter>Resource Files</Filter>
    </ResourceCompile>
  </ItemGroup>
</Project>