
Microsoft Visual Studio Solution File, Format Version 11.00
# Visual Studio 2010
Project("{8BC9CEB8-8B4A-11D0-8D11-00A0C91BC942}") = "CyPhyML", "..\meta\CyPhyML\CyPhyML.vcxproj", "{A6B875EF-43CF-4430-B0CD-BE36FB41E8D2}"
EndProject
Project("{8BC9CEB8-8B4A-11D0-8D11-00A0C91BC942}") = "CyPhy2Complexity", "CyPhy2Complexity\CyPhy2Complexity.vcxproj", "{B3BAAF8D-6584-4FBC-B29E-AF7F5D6D8E21}"
EndProject
Global
	GlobalSection(SolutionConfigurationPlatforms) = preSolution
		Debug|Win32 = Debug|Win32
		Release|Win32 = Release|Win32
	EndGlobalSection
	GlobalSection(ProjectConfigurationPlatforms) = postSolution
		{A6B875EF-43CF-4430-B0CD-BE36FB41E8D2}.Debug|Win32.ActiveCfg = Release|Win32
		{A6B875EF-43CF-4430-B0CD-BE36FB41E8D2}.Debug|Win32.Build.0 = Release|Win32
		{A6B875EF-43CF-4430-B0CD-BE36FB41E8D2}.Release|Win32.ActiveCfg = Release|Win32
		{A6B875EF-43CF-4430-B0CD-BE36FB41E8D2}.Release|Win32.Build.0 = Release|Win32
		{B3BAAF8D-6584-4FBC-B29E-AF7F5D6D8E21}.Debug|Win32.ActiveCfg = Debug|Win32
		{B3BAAF8D-6584-4FBC-B29E-AF7F5D6D8E21}.Debug|Win32.Build.0 = Debug|Win32
		{B3BAAF8D-6584-4FBC-B29E-AF7F5D6D8E21}.Release|Win32.ActiveCfg = Release|Win32
		{B3BAAF8D-6584-4FBC-B29E-AF7F5D6D8E21}.Release|Win32.Build.0 = Release|Win32
	EndGlobalSection
	GlobalSection(SolutionProperties) = preSolution
		HideSolutionNode = FALSE
	EndGlobalSection
EndGlobal
