
Microsoft Visual Studio Solution File, Format Version 11.00
# Visual Studio 2010
Project("{8BC9CEB8-8B4A-11D0-8D11-00A0C91BC942}") = "CyPhyML", "..\meta\CyPhyML\CyPhyML.vcxproj", "{A6B875EF-43CF-4430-B0CD-BE36FB41E8D2}"
EndProject
Project("{8BC9CEB8-8B4A-11D0-8D11-00A0C91BC942}") = "Models", "..\models\Models.vcxproj", "{29DEF9BE-207D-4970-AEC4-9AA2FB8311E7}"
	ProjectSection(ProjectDependencies) = postProject
		{D004018A-8DFE-4397-8DB0-295EFCFA05CE} = {D004018A-8DFE-4397-8DB0-295EFCFA05CE}
	EndProjectSection
EndProject
Project("{8BC9CEB8-8B4A-11D0-8D11-00A0C91BC942}") = "CyPhyMLRegister", "CyPhyMLRegister\CyPhyMLRegister.vcxproj", "{D004018A-8DFE-4397-8DB0-295EFCFA05CE}"
	ProjectSection(ProjectDependencies) = postProject
		{A6B875EF-43CF-4430-B0CD-BE36FB41E8D2} = {A6B875EF-43CF-4430-B0CD-BE36FB41E8D2}
	EndProjectSection
EndProject
Global
	GlobalSection(SolutionConfigurationPlatforms) = preSolution
		Debug|Win32 = Debug|Win32
		Release|Win32 = Release|Win32
	EndGlobalSection
	GlobalSection(ProjectConfigurationPlatforms) = postSolution
		{A6B875EF-43CF-4430-B0CD-BE36FB41E8D2}.Debug|Win32.ActiveCfg = Release|Win32
		{A6B875EF-43CF-4430-B0CD-BE36FB41E8D2}.Debug|Win32.Build.0 = Release|Win32
		{A6B875EF-43CF-4430-B0CD-BE36FB41E8D2}.Release|Win32.ActiveCfg = Release|Win32
		{A6B875EF-43CF-4430-B0CD-BE36FB41E8D2}.Release|Win32.Build.0 = Release|Win32
		{29DEF9BE-207D-4970-AEC4-9AA2FB8311E7}.Debug|Win32.ActiveCfg = Debug|Win32
		{29DEF9BE-207D-4970-AEC4-9AA2FB8311E7}.Debug|Win32.Build.0 = Debug|Win32
		{29DEF9BE-207D-4970-AEC4-9AA2FB8311E7}.Release|Win32.ActiveCfg = Release|Win32
		{29DEF9BE-207D-4970-AEC4-9AA2FB8311E7}.Release|Win32.Build.0 = Release|Win32
		{D004018A-8DFE-4397-8DB0-295EFCFA05CE}.Debug|Win32.ActiveCfg = Debug|Win32
		{D004018A-8DFE-4397-8DB0-295EFCFA05CE}.Debug|Win32.Build.0 = Debug|Win32
		{D004018A-8DFE-4397-8DB0-295EFCFA05CE}.Release|Win32.ActiveCfg = Release|Win32
		{D004018A-8DFE-4397-8DB0-295EFCFA05CE}.Release|Win32.Build.0 = Release|Win32
	EndGlobalSection
	GlobalSection(SolutionProperties) = preSolution
		HideSolutionNode = FALSE
	EndGlobalSection
EndGlobal
