
Microsoft Visual Studio Solution File, Format Version 11.00
# Visual Studio 2010
Project("{8BC9CEB8-8B4A-11D0-8D11-00A0C91BC942}") = "CyPhyThermal", "CyPhyThermal\CyPhyThermal.vcxproj", "{80CDDFBC-6FEA-40EB-B586-59B7FF65C251}"
	ProjectSection(ProjectDependencies) = postProject
		{062CB7D2-7C7D-45CA-97C4-33DD720CD9B1} = {062CB7D2-7C7D-45CA-97C4-33DD720CD9B1}
		{A6B875EF-43CF-4430-B0CD-BE36FB41E8D2} = {A6B875EF-43CF-4430-B0CD-BE36FB41E8D2}
	EndProjectSection
EndProject
Project("{8BC9CEB8-8B4A-11D0-8D11-00A0C91BC942}") = "CyPhyML", "..\meta\CyPhyML\CyPhyML.vcxproj", "{A6B875EF-43CF-4430-B0CD-BE36FB41E8D2}"
EndProject
Project("{8BC9CEB8-8B4A-11D0-8D11-00A0C91BC942}") = "CAD", "..\meta\CAD\CAD.vcxproj", "{062CB7D2-7C7D-45CA-97C4-33DD720CD9B1}"
EndProject
Global
	GlobalSection(SolutionConfigurationPlatforms) = preSolution
		Debug|Win32 = Debug|Win32
		Release|Win32 = Release|Win32
	EndGlobalSection
	GlobalSection(ProjectConfigurationPlatforms) = postSolution
		{80CDDFBC-6FEA-40EB-B586-59B7FF65C251}.Debug|Win32.ActiveCfg = Debug|Win32
		{80CDDFBC-6FEA-40EB-B586-59B7FF65C251}.Debug|Win32.Build.0 = Debug|Win32
		{80CDDFBC-6FEA-40EB-B586-59B7FF65C251}.Release|Win32.ActiveCfg = Release|Win32
		{80CDDFBC-6FEA-40EB-B586-59B7FF65C251}.Release|Win32.Build.0 = Release|Win32
		{A6B875EF-43CF-4430-B0CD-BE36FB41E8D2}.Debug|Win32.ActiveCfg = Release|Win32
		{A6B875EF-43CF-4430-B0CD-BE36FB41E8D2}.Debug|Win32.Build.0 = Release|Win32
		{A6B875EF-43CF-4430-B0CD-BE36FB41E8D2}.Release|Win32.ActiveCfg = Release|Win32
		{A6B875EF-43CF-4430-B0CD-BE36FB41E8D2}.Release|Win32.Build.0 = Release|Win32
		{062CB7D2-7C7D-45CA-97C4-33DD720CD9B1}.Debug|Win32.ActiveCfg = Debug|Win32
		{062CB7D2-7C7D-45CA-97C4-33DD720CD9B1}.Debug|Win32.Build.0 = Debug|Win32
		{062CB7D2-7C7D-45CA-97C4-33DD720CD9B1}.Release|Win32.ActiveCfg = Release|Win32
		{062CB7D2-7C7D-45CA-97C4-33DD720CD9B1}.Release|Win32.Build.0 = Release|Win32
	EndGlobalSection
	GlobalSection(SolutionProperties) = preSolution
		HideSolutionNode = FALSE
	EndGlobalSection
EndGlobal
