
Microsoft Visual Studio Solution File, Format Version 12.00
# Visual Studio Express 2012 for Windows Desktop
Project("{8BC9CEB8-8B4A-11D0-8D11-00A0C91BC942}") = "CADCreoParametricCreateAssembly", "CADCreoParametricCreateAssembly\CADCreoParametricCreateAssembly.vcxproj", "{CF4A3F5A-6ABD-46EC-BEF1-63369A9F3EC4}"
	ProjectSection(ProjectDependencies) = postProject
		{8B88C487-8F58-4622-997B-B0BA84F8B881} = {8B88C487-8F58-4622-997B-B0BA84F8B881}
	EndProjectSection
EndProject
Project("{8BC9CEB8-8B4A-11D0-8D11-00A0C91BC942}") = "CADCommonFunctions", "CADCommonFunctions\CADCommonFunctions.vcxproj", "{9438FDE8-A6E2-41E7-8523-250484CB4981}"
	ProjectSection(ProjectDependencies) = postProject
		{062CB7D2-7C7D-45CA-97C4-33DD720CD9B1} = {062CB7D2-7C7D-45CA-97C4-33DD720CD9B1}
	EndProjectSection
EndProject
Project("{8BC9CEB8-8B4A-11D0-8D11-00A0C91BC942}") = "CADCreoParametricCommonFunctions", "CADCreoParametricCommonFunctions\CADCreoParametricCommonFunctions.vcxproj", "{49C0C132-DFD9-47E4-A860-01FD6E34AC3A}"
	ProjectSection(ProjectDependencies) = postProject
		{8B88C487-8F58-4622-997B-B0BA84F8B881} = {8B88C487-8F58-4622-997B-B0BA84F8B881}
	EndProjectSection
EndProject
Project("{8BC9CEB8-8B4A-11D0-8D11-00A0C91BC942}") = "CADCreoParametricToolkitFunctions", "CADCreoParametricToolkitFunctions\CADCreoParametricToolkitFunctions.vcxproj", "{7CFD6932-09B9-4C2D-9483-C70A460E6996}"
EndProject
Project("{8BC9CEB8-8B4A-11D0-8D11-00A0C91BC942}") = "CAD", "..\..\meta\CAD\CAD.vcxproj", "{062CB7D2-7C7D-45CA-97C4-33DD720CD9B1}"
EndProject
Project("{8BC9CEB8-8B4A-11D0-8D11-00A0C91BC942}") = "CADCreoParametricCreateAssemblyFunctions", "CADCreoParametricCreateAssemblyFunctions\CADCreoParametricCreateAssemblyFunctions.vcxproj", "{081F0B37-FDA9-4921-A171-8B3FEAA0FDD3}"
	ProjectSection(ProjectDependencies) = postProject
		{9438FDE8-A6E2-41E7-8523-250484CB4981} = {9438FDE8-A6E2-41E7-8523-250484CB4981}
	EndProjectSection
EndProject
Project("{8BC9CEB8-8B4A-11D0-8D11-00A0C91BC942}") = "CADCreoUtils", "CADCreoUtils\CADCreoUtils.vcxproj", "{8B88C487-8F58-4622-997B-B0BA84F8B881}"
EndProject
Project("{8BC9CEB8-8B4A-11D0-8D11-00A0C91BC942}") = "CADCommonTests", "CADCommonTest\MathTrigLib.vcxproj", "{C6D4B011-B5ED-4CC5-B8BC-7C28E1ABF763}"
	ProjectSection(ProjectDependencies) = postProject
		{9438FDE8-A6E2-41E7-8523-250484CB4981} = {9438FDE8-A6E2-41E7-8523-250484CB4981}
	EndProjectSection
EndProject
Project("{2150E333-8FDC-42A3-9474-1A3956D46DE8}") = "Solution Items", "Solution Items", "{C6447C03-87D3-4C0E-970C-8E0E04B30479}"
	ProjectSection(SolutionItems) = preProject
		CADCreoParametricCreateAssembly.vsmdi = CADCreoParametricCreateAssembly.vsmdi
		Local.testsettings = Local.testsettings
		TraceAndTestImpact.testsettings = TraceAndTestImpact.testsettings
	EndProjectSection
EndProject
Global
	GlobalSection(TestCaseManagementSettings) = postSolution
		CategoryFile = CADCreoParametricCreateAssembly.vsmdi
	EndGlobalSection
	GlobalSection(SolutionConfigurationPlatforms) = preSolution
		Debug|Win32 = Debug|Win32
		Debug|x64 = Debug|x64
		Release|Win32 = Release|Win32
		Release|x64 = Release|x64
	EndGlobalSection
	GlobalSection(ProjectConfigurationPlatforms) = postSolution
		{CF4A3F5A-6ABD-46EC-BEF1-63369A9F3EC4}.Debug|Win32.ActiveCfg = Debug|Win32
		{CF4A3F5A-6ABD-46EC-BEF1-63369A9F3EC4}.Debug|Win32.Build.0 = Debug|Win32
		{CF4A3F5A-6ABD-46EC-BEF1-63369A9F3EC4}.Debug|x64.ActiveCfg = Debug|x64
		{CF4A3F5A-6ABD-46EC-BEF1-63369A9F3EC4}.Debug|x64.Build.0 = Debug|x64
		{CF4A3F5A-6ABD-46EC-BEF1-63369A9F3EC4}.Release|Win32.ActiveCfg = Release|Win32
		{CF4A3F5A-6ABD-46EC-BEF1-63369A9F3EC4}.Release|Win32.Build.0 = Release|Win32
		{CF4A3F5A-6ABD-46EC-BEF1-63369A9F3EC4}.Release|x64.ActiveCfg = Release|x64
		{CF4A3F5A-6ABD-46EC-BEF1-63369A9F3EC4}.Release|x64.Build.0 = Release|x64
		{9438FDE8-A6E2-41E7-8523-250484CB4981}.Debug|Win32.ActiveCfg = Debug|Win32
		{9438FDE8-A6E2-41E7-8523-250484CB4981}.Debug|Win32.Build.0 = Debug|Win32
		{9438FDE8-A6E2-41E7-8523-250484CB4981}.Debug|x64.ActiveCfg = Debug|x64
		{9438FDE8-A6E2-41E7-8523-250484CB4981}.Debug|x64.Build.0 = Debug|x64
		{9438FDE8-A6E2-41E7-8523-250484CB4981}.Release|Win32.ActiveCfg = Release|Win32
		{9438FDE8-A6E2-41E7-8523-250484CB4981}.Release|Win32.Build.0 = Release|Win32
		{9438FDE8-A6E2-41E7-8523-250484CB4981}.Release|x64.ActiveCfg = Release|x64
		{9438FDE8-A6E2-41E7-8523-250484CB4981}.Release|x64.Build.0 = Release|x64
		{49C0C132-DFD9-47E4-A860-01FD6E34AC3A}.Debug|Win32.ActiveCfg = Debug|Win32
		{49C0C132-DFD9-47E4-A860-01FD6E34AC3A}.Debug|Win32.Build.0 = Debug|Win32
		{49C0C132-DFD9-47E4-A860-01FD6E34AC3A}.Debug|x64.ActiveCfg = Debug|x64
		{49C0C132-DFD9-47E4-A860-01FD6E34AC3A}.Debug|x64.Build.0 = Debug|x64
		{49C0C132-DFD9-47E4-A860-01FD6E34AC3A}.Release|Win32.ActiveCfg = Release|Win32
		{49C0C132-DFD9-47E4-A860-01FD6E34AC3A}.Release|Win32.Build.0 = Release|Win32
		{49C0C132-DFD9-47E4-A860-01FD6E34AC3A}.Release|x64.ActiveCfg = Release|x64
		{49C0C132-DFD9-47E4-A860-01FD6E34AC3A}.Release|x64.Build.0 = Release|x64
		{7CFD6932-09B9-4C2D-9483-C70A460E6996}.Debug|Win32.ActiveCfg = Debug|Win32
		{7CFD6932-09B9-4C2D-9483-C70A460E6996}.Debug|Win32.Build.0 = Debug|Win32
		{7CFD6932-09B9-4C2D-9483-C70A460E6996}.Debug|x64.ActiveCfg = Debug|x64
		{7CFD6932-09B9-4C2D-9483-C70A460E6996}.Debug|x64.Build.0 = Debug|x64
		{7CFD6932-09B9-4C2D-9483-C70A460E6996}.Release|Win32.ActiveCfg = Release|Win32
		{7CFD6932-09B9-4C2D-9483-C70A460E6996}.Release|Win32.Build.0 = Release|Win32
		{7CFD6932-09B9-4C2D-9483-C70A460E6996}.Release|x64.ActiveCfg = Release|x64
		{7CFD6932-09B9-4C2D-9483-C70A460E6996}.Release|x64.Build.0 = Release|x64
		{062CB7D2-7C7D-45CA-97C4-33DD720CD9B1}.Debug|Win32.ActiveCfg = Release|Win32
		{062CB7D2-7C7D-45CA-97C4-33DD720CD9B1}.Debug|Win32.Build.0 = Release|Win32
		{062CB7D2-7C7D-45CA-97C4-33DD720CD9B1}.Debug|x64.ActiveCfg = Release|Win32
		{062CB7D2-7C7D-45CA-97C4-33DD720CD9B1}.Release|Win32.ActiveCfg = Release|Win32
		{062CB7D2-7C7D-45CA-97C4-33DD720CD9B1}.Release|Win32.Build.0 = Release|Win32
		{062CB7D2-7C7D-45CA-97C4-33DD720CD9B1}.Release|x64.ActiveCfg = Release|Win32
		{062CB7D2-7C7D-45CA-97C4-33DD720CD9B1}.Release|x64.Build.0 = Release|Win32
		{081F0B37-FDA9-4921-A171-8B3FEAA0FDD3}.Debug|Win32.ActiveCfg = Debug|Win32
		{081F0B37-FDA9-4921-A171-8B3FEAA0FDD3}.Debug|Win32.Build.0 = Debug|Win32
		{081F0B37-FDA9-4921-A171-8B3FEAA0FDD3}.Debug|x64.ActiveCfg = Debug|x64
		{081F0B37-FDA9-4921-A171-8B3FEAA0FDD3}.Debug|x64.Build.0 = Debug|x64
		{081F0B37-FDA9-4921-A171-8B3FEAA0FDD3}.Release|Win32.ActiveCfg = Release|Win32
		{081F0B37-FDA9-4921-A171-8B3FEAA0FDD3}.Release|Win32.Build.0 = Release|Win32
		{081F0B37-FDA9-4921-A171-8B3FEAA0FDD3}.Release|x64.ActiveCfg = Release|x64
		{081F0B37-FDA9-4921-A171-8B3FEAA0FDD3}.Release|x64.Build.0 = Release|x64
		{8B88C487-8F58-4622-997B-B0BA84F8B881}.Debug|Win32.ActiveCfg = Debug|Win32
		{8B88C487-8F58-4622-997B-B0BA84F8B881}.Debug|Win32.Build.0 = Debug|Win32
		{8B88C487-8F58-4622-997B-B0BA84F8B881}.Debug|x64.ActiveCfg = Debug|x64
		{8B88C487-8F58-4622-997B-B0BA84F8B881}.Debug|x64.Build.0 = Debug|x64
		{8B88C487-8F58-4622-997B-B0BA84F8B881}.Release|Win32.ActiveCfg = Release|Win32
		{8B88C487-8F58-4622-997B-B0BA84F8B881}.Release|Win32.Build.0 = Release|Win32
		{8B88C487-8F58-4622-997B-B0BA84F8B881}.Release|x64.ActiveCfg = Release|x64
		{8B88C487-8F58-4622-997B-B0BA84F8B881}.Release|x64.Build.0 = Release|x64
		{C6D4B011-B5ED-4CC5-B8BC-7C28E1ABF763}.Debug|Win32.ActiveCfg = Debug|Win32
		{C6D4B011-B5ED-4CC5-B8BC-7C28E1ABF763}.Debug|Win32.Build.0 = Debug|Win32
		{C6D4B011-B5ED-4CC5-B8BC-7C28E1ABF763}.Debug|x64.ActiveCfg = Debug|Win32
		{C6D4B011-B5ED-4CC5-B8BC-7C28E1ABF763}.Release|Win32.ActiveCfg = Release|Win32
		{C6D4B011-B5ED-4CC5-B8BC-7C28E1ABF763}.Release|Win32.Build.0 = Release|Win32
		{C6D4B011-B5ED-4CC5-B8BC-7C28E1ABF763}.Release|x64.ActiveCfg = Release|x64
		{C6D4B011-B5ED-4CC5-B8BC-7C28E1ABF763}.Release|x64.Build.0 = Release|x64
	EndGlobalSection
	GlobalSection(SolutionProperties) = preSolution
		HideSolutionNode = FALSE
	EndGlobalSection
EndGlobal
