<?xml version="1.0" encoding="utf-8"?>
<Project ToolsVersion="4.0" xmlns="http://schemas.microsoft.com/developer/msbuild/2003">
  <ItemGroup>
    <ClCompile Include="$(GME_ROOT)\SDK\BON\Common\ComHelp.cpp">
      <Filter>Source Files</Filter>
    </ClCompile>
    <ClCompile Include="$(GME_ROOT)\SDK\BON\Common\ComponentDll.cpp">
      <Filter>Source Files</Filter>
    </ClCompile>
    <ClCompile Include="$(GME_ROOT)\SDK\BON\Common\ComponentObj.cpp">
      <Filter>Source Files</Filter>
    </ClCompile>
    <ClCompile Include="$(GME_ROOT)\SDK\BON\Common\Exceptions.cpp">
      <Filter>Source Files</Filter>
    </ClCompile>
    <ClCompile Include="StdAfx.cpp">
      <Filter>Source Files</Filter>
    </ClCompile>
    <ClCompile Include="RawComponent.cpp">
      <Filter>Source Files</Filter>
    </ClCompile>
    <ClCompile Include="UdmConsole.cpp">
      <Filter>Source Files</Filter>
    </ClCompile>
  </ItemGroup>
  <ItemGroup>
    <ClInclude Include="ComponentLib.h">
      <Filter>Header Files</Filter>
    </ClInclude>
    <ClInclude Include="RawComponent.h">
      <Filter>Header Files</Filter>
    </ClInclude>
    <ClInclude Include="Resource.h">
      <Filter>Header Files</Filter>
    </ClInclude>
    <ClInclude Include="StdAfx.h">
      <Filter>Header Files</Filter>
    </ClInclude>
    <ClInclude Include="UdmConfig.h">
      <Filter>Header Files</Filter>
    </ClInclude>
    <ClInclude Include="UdmConsole.h">
      <Filter>Header Files</Filter>
    </ClInclude>
    <ClInclude Include="ComponentConfig.h">
      <Filter>Header Files</Filter>
    </ClInclude>
  </ItemGroup>
  <ItemGroup>
    <None Include="CompIcon.ico">
      <Filter>Resource Files</Filter>
    </None>
    <None Include="Component.def">
      <Filter>Source Files</Filter>
    </None>
  </ItemGroup>
  <ItemGroup>
    <Filter Include="Header Files">
      <UniqueIdentifier>{8085aa35-e0e0-498c-a398-59dac8cdd9dd}</UniqueIdentifier>
    </Filter>
    <Filter Include="Source Files">
      <UniqueIdentifier>{b1cb504b-a00c-48ff-bf75-10efb9b3d3c9}</UniqueIdentifier>
    </Filter>
    <Filter Include="Resource Files">
      <UniqueIdentifier>{7b410b28-57bd-485f-96df-0f5663b8601b}</UniqueIdentifier>
    </Filter>
  </ItemGroup>
  <ItemGroup>
    <ResourceCompile Include="Component.rc">
      <Filter>Resource Files</Filter>
    </ResourceCompile>
  </ItemGroup>
  <ItemGroup>
    <Midl Include="$(GME_ROOT)\SDK\Bon\Common\ComponentLib.idl">
      <Filter>Source Files</Filter>
    </Midl>
  </ItemGroup>
</Project>