<?xml version="1.0" encoding="utf-8"?>
<Project ToolsVersion="4.0" xmlns="http://schemas.microsoft.com/developer/msbuild/2003">
  <ItemGroup>
    <xme2mga Include="IFV\CompLib_DesignSpace_andDesigns.xme" />
    <xme2mga Include="..\meta\CyPhy_MaterialLib.xme" />
    <xme2mga Include="..\meta\CyPhyMLQudt.xme" />
    <xme2mga Include="..\meta\CyPhy_PortLib.xme" />
    <xme2mga Include="..\meta\CyPhy_CADResourceLib.xme" />
  </ItemGroup>
</Project>